
Microsoft Visual Studio Solution File, Format Version 12.00
Project("{FAE04EC0-301F-11D3-BF4B-00C04F79EFBC}") = "Ardashboard", "Ardashboard\Ardashboard.csproj", "{BA31A7EC-B1C8-4F59-914F-12F866AD4D65}"
EndProject
Global
	GlobalSection(SolutionConfigurationPlatforms) = preSolution
		Debug|Any CPU = Debug|Any CPU
		Release|Any CPU = Release|Any CPU
	EndGlobalSection
	GlobalSection(ProjectConfigurationPlatforms) = postSolution
		{BA31A7EC-B1C8-4F59-914F-12F866AD4D65}.Debug|Any CPU.ActiveCfg = Debug|Any CPU
		{BA31A7EC-B1C8-4F59-914F-12F866AD4D65}.Debug|Any CPU.Build.0 = Debug|Any CPU
		{BA31A7EC-B1C8-4F59-914F-12F866AD4D65}.Release|Any CPU.ActiveCfg = Release|Any CPU
		{BA31A7EC-B1C8-4F59-914F-12F866AD4D65}.Release|Any CPU.Build.0 = Release|Any CPU
	EndGlobalSection
EndGlobal
